{
  "version": 1,
  "dependencies": {
    "net10.0": {
      "JetBrains.Annotations": {
        "type": "Direct",
        "requested": "[2025.2.4, )",
        "resolved": "2025.2.4",
        "contentHash": "TwbgxAkXxY+vNEhNVx/QXjJ4vqxmepOjsgRvvImQPbHkHMMb4W+ahL3laMsxXKtNT7iMy+E1B3xkqao2hf1n3A=="
      },
      "Mediator.Abstractions": {
        "type": "Direct",
        "requested": "[3.0.0, )",
        "resolved": "3.0.1",
        "contentHash": "WLWp7S7pt818wsK2IiFwGwvUhwq0E/7F0LkglDQKx+4rSzRWVKD3CHtaCi1fpeURH+v44ZPxaRVBCNV7uWOBYQ==",
        "dependencies": {
          "Microsoft.Extensions.DependencyInjection.Abstractions": "8.0.0"
        }
      },
      "Mediator.SourceGenerator": {
        "type": "Direct",
        "requested": "[3.0.0, )",
        "resolved": "3.0.1",
        "contentHash": "i/SQaPyUjICSr4Bz8zSrpaMymHEBt1qn2G2bNHsitoWPI9dXsYjgt+Xt21oy4a0Mi2AtuvfOx7H5UzmOi69U7Q==",
        "dependencies": {
          "Scriban": "6.2.0"
        }
      },
      "Microsoft.Build": {
        "type": "Direct",
        "requested": "[18.3.3, )",
        "resolved": "18.3.3",
        "contentHash": "dWef7lQgBMVARPJUJoJp83Ry4A3L0Idvz+W4fpzMQ2y2Y6R4UAisMRk5eihhgZWM9Kf81KhfX6akcfgysqML6w==",
        "dependencies": {
          "Microsoft.Build.Framework": "18.3.3",
          "Microsoft.NET.StringTools": "18.3.3",
          "System.Configuration.ConfigurationManager": "9.0.11",
          "System.Diagnostics.EventLog": "9.0.11",
          "System.Reflection.MetadataLoadContext": "9.0.11",
          "System.Security.Cryptography.ProtectedData": "9.0.11"
        }
      },
      "Microsoft.Build.Framework": {
        "type": "Direct",
        "requested": "[18.3.3, )",
        "resolved": "18.3.3",
        "contentHash": "6lUd+/IQrxKz+++m2ehMnN+83bWrdvLf6S/iNH41d2RhuGE9etoCqosIBzjfkPwBoHih3touW/xl1ev+KUgkjw=="
      },
      "Microsoft.Build.Utilities.Core": {
        "type": "Direct",
        "requested": "[18.3.3, )",
        "resolved": "18.3.3",
        "contentHash": "jpqF191vbyUs9TU3oxT6xURHQhdH7CwECFMyItGoizbYVQMyk0Di2bF4fs2DrbJHN1o1eVfWZrC08tauDceG4g==",
        "dependencies": {
          "Microsoft.Build.Framework": "18.3.3",
          "Microsoft.NET.StringTools": "18.3.3",
          "System.Configuration.ConfigurationManager": "9.0.11",
          "System.Diagnostics.EventLog": "9.0.11",
          "System.Security.Cryptography.ProtectedData": "9.0.11"
        }
      },
      "Microsoft.CSharp": {
        "type": "Direct",
        "requested": "[4.7.0, )",
        "resolved": "4.7.0",
        "contentHash": "pTj+D3uJWyN3My70i2Hqo+OXixq3Os2D1nJ2x92FFo6sk8fYS1m1WLNTs0Dc1uPaViH0YvEEwvzddQ7y4rhXmA=="
      },
      "Microsoft.Extensions.DependencyInjection": {
        "type": "Direct",
        "requested": "[10.0.3, )",
        "resolved": "10.0.3",
        "contentHash": "2DLOmC0EkB2smVK8lPP1PIKEgL1arE3CMp9XSIQB/Y7ev5nnnyuM/PizKJ6QfLD08QCYoopSC9SFdbYglDomYg==",
        "dependencies": {
          "Microsoft.Extensions.DependencyInjection.Abstractions": "10.0.3"
        }
      },
      "Microsoft.Extensions.FileSystemGlobbing": {
        "type": "Direct",
        "requested": "[10.0.3, )",
        "resolved": "10.0.3",
        "contentHash": "oM7pl8uJz8WRPRlh4AGQS61aeV9GOfTu89yqTiRSYyyMuCNVkbNra9zEk7ApyJ/sZrUpbjOZCRHuitCEsTWghg=="
      },
      "MinVer": {
        "type": "Direct",
        "requested": "[7.0.0, )",
        "resolved": "7.0.0",
        "contentHash": "2lMTCQl5bGP4iv0JNkockPnyllC6eHLz+CoK2ICvalvHod+exXSxueu9hq+zNkU7bZBJf8wMfeRC/Edn8AGmEg=="
      },
      "NuGet.Versioning": {
        "type": "Direct",
        "requested": "[7.3.0, )",
        "resolved": "7.3.0",
        "contentHash": "iOQPAdnVgj2U+K3AcdGGGcdS1tWyh3nvr64eqTDFCsDuHySBXSHRhl7eR8hdc0BZHxDjacRstbuaJKCurt2oPw=="
      },
      "System.Collections.Immutable": {
        "type": "Direct",
        "requested": "[10.0.3, )",
        "resolved": "10.0.3",
        "contentHash": "gpKPycgDFS2oAPr0yaqwBmShE1ya4yMMkn3lxBPcXrsCI4KL10xSu0cSUzeajQ7LKjb3EsUAgjhBiPGrGU6vSQ=="
      },
      "System.CommandLine": {
        "type": "Direct",
        "requested": "[2.0.0-beta1.20574.7, )",
        "resolved": "2.0.0-beta1.20574.7",
        "contentHash": "fGqXtGd0UWyVTYRz5hU0fyjR1w7VlrdjmkdADreE9JXMzhWYgYJNxaHWVum40qJjtAT3RLlI0dBf37jmRBh43Q=="
      },
      "Microsoft.Extensions.DependencyInjection.Abstractions": {
        "type": "Transitive",
        "resolved": "10.0.3",
        "contentHash": "bwGMrRcAMWx2s/RDgja97p27rxSz2pEQW0+rX5cWAUWVETVJ/eyxGfjAl8vuG5a+lckWmPIE+vcuaZNVB5YDdw=="
      },
      "Microsoft.NET.StringTools": {
        "type": "Transitive",
        "resolved": "18.3.3",
        "contentHash": "y1qPJA/B7i+IGpS9yCBw64kOaDIC5x1pGIqKdcKfasj7kwRIWxbAoPCxRWLlP2p0ovLgLXae46KCEf3F+oMGyA=="
      },
      "Scriban": {
        "type": "Transitive",
        "resolved": "6.2.0",
        "contentHash": "Mpd/9Q6LQn9jPGZR11gfytuZ5ivNgjnds1RB/3HzAdivhreX5mosRtqI87Zjafdxmm7HRgjZgdDYhiGVdytLwA=="
      },
      "System.Configuration.ConfigurationManager": {
        "type": "Transitive",
        "resolved": "9.0.11",
        "contentHash": "vPinosRgEk1CGjohbv0pDuz6gPprkWo5xvBTjOJjks5JOgOEWvPndq5NngGxiTcBcy1+k9GwzZ1c3Bp2fU5ezw==",
        "dependencies": {
          "System.Diagnostics.EventLog": "9.0.11",
          "System.Security.Cryptography.ProtectedData": "9.0.11"
        }
      },
      "System.Diagnostics.EventLog": {
        "type": "Transitive",
        "resolved": "9.0.11",
        "contentHash": "2Us/NchH6SM69NYWzf8NRyeftdv3ILso8LMiMdAjT7ECTiZKzddiXWhAyQj6ZzbddoAOHS9GdlPbAAkwCPID3Q=="
      },
      "System.Reflection.MetadataLoadContext": {
        "type": "Transitive",
        "resolved": "9.0.11",
        "contentHash": "e1VyD3dnov4F7vIxyZrY93d5G3n7gXqIAs+ItXjleLLoxpUip9o7OAuZuR8YdTB8b5CESr1nCjREhrkzoLXDog=="
      },
      "System.Security.Cryptography.ProtectedData": {
        "type": "Transitive",
        "resolved": "9.0.11",
        "contentHash": "s8yUYuYYu+PAwvBdhLG1KyrGrk9gkYeuPxfAsXsTqqWyepwSyEw8hAaflW4nO98NG52YpYI1am2+9o+79h2RtQ=="
      }
    }
  }
}